
Microsoft Visual Studio Solution File, Format Version 12.00
# Visual Studio Version 17
VisualStudioVersion = 17.12.35728.132
MinimumVisualStudioVersion = 10.0.40219.1
Project("{FAE04EC0-301F-11D3-BF4B-00C04F79EFBC}") = "PastBeam.Tests", "PastBeam.Tests\PastBeam.Tests.csproj", "{38C639D3-AB79-4E40-A707-E2BD46712C82}"
EndProject
Project("{FAE04EC0-301F-11D3-BF4B-00C04F79EFBC}") = "PastBeam.Presentation", "PastBeam.Presentation\PastBeam.Presentation.csproj", "{BDC61762-4626-4BB2-BFBE-7961ADFD34F1}"
EndProject
Project("{FAE04EC0-301F-11D3-BF4B-00C04F79EFBC}") = "PastBeam.Application.Library", "PastBeam.Application.Library\PastBeam.Application.Library.csproj", "{6BDE13DA-4E69-49A5-B544-13997244C279}"
EndProject
Project("{FAE04EC0-301F-11D3-BF4B-00C04F79EFBC}") = "PastBeam.Infrastructure.Library", "PastBeam.Infrastructure.Library\PastBeam.Infrastructure.Library.csproj", "{107843ED-C7F9-4963-A91F-312B844EACBB}"
EndProject
Project("{FAE04EC0-301F-11D3-BF4B-00C04F79EFBC}") = "PastBeam.Core.Library", "PastBeam.Core.Library\PastBeam.Core.Library.csproj", "{B228E981-F0CD-4BE6-8982-75D114E14AD4}"
EndProject
Global
	GlobalSection(SolutionConfigurationPlatforms) = preSolution
		Debug|Any CPU = Debug|Any CPU
		Release|Any CPU = Release|Any CPU
	EndGlobalSection
	GlobalSection(ProjectConfigurationPlatforms) = postSolution
		{38C639D3-AB79-4E40-A707-E2BD46712C82}.Debug|Any CPU.ActiveCfg = Debug|Any CPU
		{38C639D3-AB79-4E40-A707-E2BD46712C82}.Debug|Any CPU.Build.0 = Debug|Any CPU
		{38C639D3-AB79-4E40-A707-E2BD46712C82}.Release|Any CPU.ActiveCfg = Release|Any CPU
		{38C639D3-AB79-4E40-A707-E2BD46712C82}.Release|Any CPU.Build.0 = Release|Any CPU
		{BDC61762-4626-4BB2-BFBE-7961ADFD34F1}.Debug|Any CPU.ActiveCfg = Debug|Any CPU
		{BDC61762-4626-4BB2-BFBE-7961ADFD34F1}.Debug|Any CPU.Build.0 = Debug|Any CPU
		{BDC61762-4626-4BB2-BFBE-7961ADFD34F1}.Release|Any CPU.ActiveCfg = Release|Any CPU
		{BDC61762-4626-4BB2-BFBE-7961ADFD34F1}.Release|Any CPU.Build.0 = Release|Any CPU
		{6BDE13DA-4E69-49A5-B544-13997244C279}.Debug|Any CPU.ActiveCfg = Debug|Any CPU
		{6BDE13DA-4E69-49A5-B544-13997244C279}.Debug|Any CPU.Build.0 = Debug|Any CPU
		{6BDE13DA-4E69-49A5-B544-13997244C279}.Release|Any CPU.ActiveCfg = Release|Any CPU
		{6BDE13DA-4E69-49A5-B544-13997244C279}.Release|Any CPU.Build.0 = Release|Any CPU
		{107843ED-C7F9-4963-A91F-312B844EACBB}.Debug|Any CPU.ActiveCfg = Debug|Any CPU
		{107843ED-C7F9-4963-A91F-312B844EACBB}.Debug|Any CPU.Build.0 = Debug|Any CPU
		{107843ED-C7F9-4963-A91F-312B844EACBB}.Release|Any CPU.ActiveCfg = Release|Any CPU
		{107843ED-C7F9-4963-A91F-312B844EACBB}.Release|Any CPU.Build.0 = Release|Any CPU
		{B228E981-F0CD-4BE6-8982-75D114E14AD4}.Debug|Any CPU.ActiveCfg = Debug|Any CPU
		{B228E981-F0CD-4BE6-8982-75D114E14AD4}.Debug|Any CPU.Build.0 = Debug|Any CPU
		{B228E981-F0CD-4BE6-8982-75D114E14AD4}.Release|Any CPU.ActiveCfg = Release|Any CPU
		{B228E981-F0CD-4BE6-8982-75D114E14AD4}.Release|Any CPU.Build.0 = Release|Any CPU
	EndGlobalSection
	GlobalSection(SolutionProperties) = preSolution
		HideSolutionNode = FALSE
	EndGlobalSection
	GlobalSection(ExtensibilityGlobals) = postSolution
		SolutionGuid = {CF63999E-0B2F-468D-99E8-EF7D6D03F779}
	EndGlobalSection
EndGlobal
